{
  "name": "temper-raylib",
  "version": "0.0.1",
  "lockfileVersion": 3,
  "requires": true,
  "packages": {
    "": {
      "name": "temper-raylib",
      "version": "0.0.1",
      "license": "MIT",
      "dependencies": {
        "@temperlang/core": "file:temper.out/js/temper-core",
        "raylib": "^0.14.0",
        "temper-raylib": "file:temper.out/js/temper-raylib"
      }
    },
    "node_modules/@temperlang/core": {
      "version": "0.0.6",
      "resolved": "file:temper.out/js/temper-core",
      "license": "Apache-2.0"
    },
    "node_modules/cross-fetch": {
      "version": "3.1.8",
      "license": "MIT",
      "dependencies": {
        "node-fetch": "^2.6.12"
      }
    },
    "node_modules/module-alias": {
      "version": "2.2.3",
      "license": "MIT"
    },
    "node_modules/node-fetch": {
      "version": "2.7.0",
      "license": "MIT",
      "dependencies": {
        "whatwg-url": "^5.0.0"
      },
      "engines": {
        "node": "4.x || >=6.0.0"
      },
      "peerDependencies": {
        "encoding": "^0.1.0"
      },
      "peerDependenciesMeta": {
        "encoding": {
          "optional": true
        }
      }
    },
    "node_modules/raylib": {
      "version": "0.14.0",
      "hasInstallScript": true,
      "license": "Zlib",
      "dependencies": {
        "cross-fetch": "^3.1.5",
        "module-alias": "^2.2.2"
      },
      "bin": {
        "raylib": "bin/node-raylib"
      },
      "engines": {
        "node": ">=10"
      }
    },
    "node_modules/temper-raylib": {
      "resolved": "file:temper.out/js/temper-raylib",
      "dependencies": {
        "@temperlang/core": "0.0.6"
      }
    },
    "node_modules/tr46": {
      "version": "0.0.3",
      "license": "MIT"
    },
    "node_modules/webidl-conversions": {
      "version": "3.0.1",
      "license": "BSD-2-Clause"
    },
    "node_modules/whatwg-url": {
      "version": "5.0.0",
      "license": "MIT",
      "dependencies": {
        "tr46": "~0.0.3",
        "webidl-conversions": "^3.0.0"
      }
    },
    "temper.out/js/std": {
      "name": "@temperlang/std",
      "version": "0.0.6",
      "extraneous": true,
      "license": "Apache-2.0",
      "dependencies": {
        "@temperlang/core": "0.0.6"
      }
    }
  }
}
